version = 1
revision = 3
requires-python = ">=3.11"

[[package]]
name = "clang-format"
version = "21.1.8"
source = { registry = "https://pypi.org/simple" }
sdist = { url = "https://files.pythonhosted.org/packages/29/ed/019e682e9f8a5a5abf4258b293453092ef9524b540ada591ccfdff1246df/clang_format-21.1.8.tar.gz", hash = "sha256:99369fe76526ba6be6d7a8093fee6cd266bbf5ce72597a0d79a4ce9a625b28cf", size = 11509, upload-time = "2025-12-16T20:34:33.065Z" }
wheels = [
    { url = "https://files.pythonhosted.org/packages/17/1d/4b1d85acb99a2ee3bad0b20cc3e82c58fbfb39bf4dd5856ac1f2c4f36e65/clang_format-21.1.8-py2.py3-none-macosx_10_9_x86_64.whl", hash = "sha256:f447091c346027a09728a0a96128fe058419fe06cf200ccc3dc98bcd4399e351", size = 1465604, upload-time = "2025-12-16T20:34:03.955Z" },
    { url = "https://files.pythonhosted.org/packages/84/38/a61466227a8a6bf22c583f7bd810e75c9a356cfc63c6a712a201103a4ad3/clang_format-21.1.8-py2.py3-none-macosx_11_0_arm64.whl", hash = "sha256:9a78fabba6b382866819b42a7b220d235a3baf6128a40fb7bd590c037f69879b", size = 1459014, upload-time = "2025-12-16T20:34:05.929Z" },
    { url = "https://files.pythonhosted.org/packages/ab/5d/6720c895c5cfc01831fac55ecf849f10d03d6222700909af14f6047c933b/clang_format-21.1.8-py2.py3-none-manylinux_2_26_aarch64.manylinux_2_28_aarch64.whl", hash = "sha256:c2a044953efab5f7d0261f3a76aabc01358592faac1b73af38d8c83db6e91a69", size = 1725482, upload-time = "2025-12-16T20:34:07.525Z" },
    { url = "https://files.pythonhosted.org/packages/54/0d/074b940884ced1b5c93e2e7fc8a941673519a938e7f31aeade321e3ab094/clang_format-21.1.8-py2.py3-none-manylinux_2_26_i686.manylinux_2_28_i686.whl", hash = "sha256:143d2dffa71058d05ac5ad71321682e23d638bce22c8f2e3d01ed457d841a5f3", size = 1856680, upload-time = "2025-12-16T20:34:09.987Z" },
    { url = "https://files.pythonhosted.org/packages/34/d5/46e22ae8c4385a7836db7403ced63ea8056c971cbb806bf0c6f0d2133acc/clang_format-21.1.8-py2.py3-none-manylinux_2_26_ppc64le.manylinux_2_28_ppc64le.whl", hash = "sha256:6a4b61a743dad5afc5e60be0c5c8f162f6cf27fff9eed56ec0bf65c2bcbd8a8d", size = 2031282, upload-time = "2025-12-16T20:34:11.565Z" },
    { url = "https://files.pythonhosted.org/packages/e0/2a/cad75567c312d945cc26aaee7e1b7135703fed9c7e7ad15c427bf6ad7a84/clang_format-21.1.8-py2.py3-none-manylinux_2_26_s390x.manylinux_2_28_s390x.whl", hash = "sha256:94de66c5eeca1270825348687d384750d91f1d8d12216b2df0aea892859be33a", size = 2047763, upload-time = "2025-12-16T20:34:13.175Z" },
    { url = "https://files.pythonhosted.org/packages/a8/c2/403e7371b1ab0f6175d708ecc93cf18085ea9f903e8fe7d17c43df698f06/clang_format-21.1.8-py2.py3-none-manylinux_2_27_x86_64.manylinux_2_28_x86_64.whl", hash = "sha256:d12b864b596b80810cdd7f97556c485dc09cfe2952503958535f01359e025fbb", size = 1804755, upload-time = "2025-12-16T20:34:14.813Z" },
    { url = "https://files.pythonhosted.org/packages/76/33/9e7db5fc4abefb25022d266957f666bfc263ae3e51abdd2c997d2880ceee/clang_format-21.1.8-py2.py3-none-manylinux_2_31_armv7l.whl", hash = "sha256:b81f1e909f5e7ef862a7818dc22b302a3ff407f3534e3395aa7ba26746cc890e", size = 1643208, upload-time = "2025-12-16T20:34:16.898Z" },
    { url = "https://files.pythonhosted.org/packages/aa/9f/43f4e384cb8943418f94943f682835f375f15b9cc64c526d73a7360f2b2f/clang_format-21.1.8-py2.py3-none-musllinux_1_2_aarch64.whl", hash = "sha256:e10a5dca18a04997ad55c082bc0759edc7e337b24a2373ded109634fde12662a", size = 2701696, upload-time = "2025-12-16T20:34:19.043Z" },
    { url = "https://files.pythonhosted.org/packages/5d/6a/378187d72a465cebd3dbf7cd455e33b4931daa33e815b7865e6e65591a72/clang_format-21.1.8-py2.py3-none-musllinux_1_2_armv7l.whl", hash = "sha256:10f7d7004d70b5e03fd3f764fc19fae89cd38d68b3482162cb09cac47c12c7b0", size = 2481266, upload-time = "2025-12-16T20:34:20.336Z" },
    { url = "https://files.pythonhosted.org/packages/99/eb/2332edb1846d6832932191a590203a53ec69f585e718b51796335a1dcb6e/clang_format-21.1.8-py2.py3-none-musllinux_1_2_i686.whl", hash = "sha256:303d5fd53090422119136b1a458e98db429dedd5db0add50e70f885f8c95d82a", size = 2954000, upload-time = "2025-12-16T20:34:21.739Z" },
    { url = "https://files.pythonhosted.org/packages/7b/b5/eed5c95521b77d3cde024c3a23c7a80c46e78aa5b5a81c5cf935e7267588/clang_format-21.1.8-py2.py3-none-musllinux_1_2_ppc64le.whl", hash = "sha256:6b9e0b45cfaf4a18336a6db4666dd6a6aae840e38b038e6d568a65f43ade007c", size = 3076720, upload-time = "2025-12-16T20:34:23.139Z" },
    { url = "https://files.pythonhosted.org/packages/14/55/7527fbe31423a1bb53653c2a2b20aa34a73ec33b99199bceaec0f5907295/clang_format-21.1.8-py2.py3-none-musllinux_1_2_s390x.whl", hash = "sha256:4dd0fee9eaee9915ba7fa08e60ee9ddfba1f754d10d71164482d9eb387c431f0", size = 3160892, upload-time = "2025-12-16T20:34:24.618Z" },
    { url = "https://files.pythonhosted.org/packages/53/61/1623382bc78ef139c196473a5c76b840a071c9002cb5cd2694ac50327db9/clang_format-21.1.8-py2.py3-none-musllinux_1_2_x86_64.whl", hash = "sha256:9731aecf954651004f184347d0c589d4e91a39ccda21262ee17c60f80a4408b2", size = 2812487, upload-time = "2025-12-16T20:34:26.505Z" },
    { url = "https://files.pythonhosted.org/packages/53/e1/74f2000d44e4904472e5685afb98d19566c515026214733f02bbdc73d6d8/clang_format-21.1.8-py2.py3-none-win32.whl", hash = "sha256:2f5883ca83f718d8c2272e98b3cbda422fec520824b5a1e335c631dc6d812da7", size = 1271310, upload-time = "2025-12-16T20:34:28.179Z" },
    { url = "https://files.pythonhosted.org/packages/69/7a/c49c8af9135c6a6dfb9cd103328ba7b6551643dce71b57e58ea940884015/clang_format-21.1.8-py2.py3-none-win_amd64.whl", hash = "sha256:a7606da55e31ebf5b63dd75800392e6cca7c595a74100c2cebcda2d742130732", size = 1426467, upload-time = "2025-12-16T20:34:29.805Z" },
    { url = "https://files.pythonhosted.org/packages/ad/d3/8790b539afb6cb0d4474705d3750e78a1f0847ab6d3ef1b00dd1ae52f364/clang_format-21.1.8-py2.py3-none-win_arm64.whl", hash = "sha256:1aa10b3f647268361d08bf4f17ce70964b8d9c04d5539e7d8acbebd14dc4a49c", size = 1327254, upload-time = "2025-12-16T20:34:31.579Z" },
]

[[package]]
name = "clang-tidy"
version = "21.1.6"
source = { registry = "https://pypi.org/simple" }
sdist = { url = "https://files.pythonhosted.org/packages/ff/33/f73d03d3ae88481433d95d4f142f4774715f44443f81affd10c483ab5454/clang_tidy-21.1.6.tar.gz", hash = "sha256:0e0951d18e7e50acdcdb6b5c34e589edb354e01c2825c0d27793a15ac60b38da", size = 11316, upload-time = "2025-11-24T15:39:51.502Z" }
wheels = [
    { url = "https://files.pythonhosted.org/packages/73/59/cef36a88d30ed6dfc7237b3a9fa7de062726b4f30aeacf3e0e0316eee41e/clang_tidy-21.1.6-py2.py3-none-macosx_10_9_x86_64.whl", hash = "sha256:372f20267e67f41b758b0c2009e4607f1b53fbee40092e76da3121491d439985", size = 28607989, upload-time = "2025-11-24T15:39:20.364Z" },
    { url = "https://files.pythonhosted.org/packages/ca/ad/cd1f262bd51376920af406cc3721416f7c303d7eec0ae39218d1a6aa9b45/clang_tidy-21.1.6-py2.py3-none-macosx_11_0_arm64.whl", hash = "sha256:12634548feceb2bce89b65d94550f1b92359ebc19c35cf72b93855cd18845ef9", size = 27718166, upload-time = "2025-11-24T15:39:22.971Z" },
    { url = "https://files.pythonhosted.org/packages/07/9d/3c27e9059b24d1089426bdf5b7b843393d982a1805e4f58e586989722e71/clang_tidy-21.1.6-py2.py3-none-manylinux2014_i686.manylinux_2_17_i686.whl", hash = "sha256:3569e0ec58f89a1e5f338a02b64e1feb5f6a48b599e4abb411038b2a225edc19", size = 45138884, upload-time = "2025-11-24T15:39:26.142Z" },
    { url = "https://files.pythonhosted.org/packages/e0/88/494022a892bd121f01c55d32e754867a8d6bbe7640975389be5792a55636/clang_tidy-21.1.6-py2.py3-none-manylinux_2_27_aarch64.manylinux_2_28_aarch64.whl", hash = "sha256:d954cc13d87aa6ba847eac4d26bec019024c54c2968389444eed6d4201ec45e6", size = 38598066, upload-time = "2025-11-24T15:39:28.895Z" },
    { url = "https://files.pythonhosted.org/packages/cf/fc/f0a2ba49f142e019117e9d9d6c1b49bde410ec0139cc9392ccae1be4ff3e/clang_tidy-21.1.6-py2.py3-none-manylinux_2_27_x86_64.manylinux_2_28_x86_64.whl", hash = "sha256:685e549e80461afb0f0c420ecfd0427e8bf38b927e989bdfee49dab4a9794cd1", size = 40427492, upload-time = "2025-11-24T15:39:31.944Z" },
    { url = "https://files.pythonhosted.org/packages/04/38/c03a3b792e4463e94c74bded37f49545639bfaae713a196bab0ac500fb8d/clang_tidy-21.1.6-py2.py3-none-manylinux_2_31_armv7l.whl", hash = "sha256:9ba32f74038e322e16f7c29f8d241b5eff5433bd9a32d2ca87ee59c96d9f0802", size = 37240012, upload-time = "2025-11-24T15:39:34.545Z" },
    { url = "https://files.pythonhosted.org/packages/81/67/ad4b952562d2a7910b1d95b5785c150c46b60f951c3fcc60d657bdf759b4/clang_tidy-21.1.6-py2.py3-none-musllinux_1_2_armv7l.whl", hash = "sha256:413d5b55596a04a409387b84e76ed2409c48c0deab61adaaf623e2f3e419eaed", size = 38066639, upload-time = "2025-11-24T15:39:37.058Z" },
    { url = "https://files.pythonhosted.org/packages/25/64/015477c9f9d76c45d7658ea6027575d14184e05c3c256231a0cbc7a39cca/clang_tidy-21.1.6-py2.py3-none-musllinux_1_2_i686.whl", hash = "sha256:7a1358d99f7aa9863c7c3a7efce4fbfd85b03bc1ea50fbbbe3a8ff5b0ea038f2", size = 48022073, upload-time = "2025-11-24T15:39:39.77Z" },
    { url = "https://files.pythonhosted.org/packages/79/30/cf31c02ee8dc93886b8487d41b60237c6f9e6a0b579bea7dda7a543f9d31/clang_tidy-21.1.6-py2.py3-none-musllinux_1_2_x86_64.whl", hash = "sha256:3376e988ab33331368bda9a4f541763adfa5906dc529478b9be75565254868f8", size = 42995095, upload-time = "2025-11-24T15:39:43.191Z" },
    { url = "https://files.pythonhosted.org/packages/26/eb/2d9acbdfa37c2a8289f59fe26c7d5646f2b91ed400a75cac1516d046e1fd/clang_tidy-21.1.6-py2.py3-none-win32.whl", hash = "sha256:5fa919601bbe70e31fdabfee84dbf1ca66c22c01def36b877eac5fdb7f16bf44", size = 21022203, upload-time = "2025-11-24T15:39:45.67Z" },
    { url = "https://files.pythonhosted.org/packages/4b/ed/26fbf1a0847ccd424f5a270d851b3b726e17d7eaebefbf58fff8191bdf81/clang_tidy-21.1.6-py2.py3-none-win_amd64.whl", hash = "sha256:8f29fbc3e8aa0552810dd0e3e69f3158f8dbf0edb425e0437798e9db9d0a28a6", size = 23797590, upload-time = "2025-11-24T15:39:48.269Z" },
]

[[package]]
name = "ddp-esphome"
version = "0.7.6"
source = { virtual = "." }

[package.dev-dependencies]
dev = [
    { name = "clang-format" },
    { name = "clang-tidy" },
    { name = "ruff" },
]

[package.metadata]

[package.metadata.requires-dev]
dev = [
    { name = "clang-format", specifier = ">=19.0.0" },
    { name = "clang-tidy", specifier = ">=19.0.0" },
    { name = "ruff", specifier = ">=0.8.0" },
]

[[package]]
name = "ruff"
version = "0.14.13"
source = { registry = "https://pypi.org/simple" }
sdist = { url = "https://files.pythonhosted.org/packages/50/0a/1914efb7903174b381ee2ffeebb4253e729de57f114e63595114c8ca451f/ruff-0.14.13.tar.gz", hash = "sha256:83cd6c0763190784b99650a20fec7633c59f6ebe41c5cc9d45ee42749563ad47", size = 6059504, upload-time = "2026-01-15T20:15:16.918Z" }
wheels = [
    { url = "https://files.pythonhosted.org/packages/c3/ae/0deefbc65ca74b0ab1fd3917f94dc3b398233346a74b8bbb0a916a1a6bf6/ruff-0.14.13-py3-none-linux_armv6l.whl", hash = "sha256:76f62c62cd37c276cb03a275b198c7c15bd1d60c989f944db08a8c1c2dbec18b", size = 13062418, upload-time = "2026-01-15T20:14:50.779Z" },
    { url = "https://files.pythonhosted.org/packages/47/df/5916604faa530a97a3c154c62a81cb6b735c0cb05d1e26d5ad0f0c8ac48a/ruff-0.14.13-py3-none-macosx_10_12_x86_64.whl", hash = "sha256:914a8023ece0528d5cc33f5a684f5f38199bbb566a04815c2c211d8f40b5d0ed", size = 13442344, upload-time = "2026-01-15T20:15:07.94Z" },
    { url = "https://files.pythonhosted.org/packages/4c/f3/e0e694dd69163c3a1671e102aa574a50357536f18a33375050334d5cd517/ruff-0.14.13-py3-none-macosx_11_0_arm64.whl", hash = "sha256:d24899478c35ebfa730597a4a775d430ad0d5631b8647a3ab368c29b7e7bd063", size = 12354720, upload-time = "2026-01-15T20:15:09.854Z" },
    { url = "https://files.pythonhosted.org/packages/c3/e8/67f5fcbbaee25e8fc3b56cc33e9892eca7ffe09f773c8e5907757a7e3bdb/ruff-0.14.13-py3-none-manylinux_2_17_aarch64.manylinux2014_aarch64.whl", hash = "sha256:9aaf3870f14d925bbaf18b8a2347ee0ae7d95a2e490e4d4aea6813ed15ebc80e", size = 12774493, upload-time = "2026-01-15T20:15:20.908Z" },
    { url = "https://files.pythonhosted.org/packages/6b/ce/d2e9cb510870b52a9565d885c0d7668cc050e30fa2c8ac3fb1fda15c083d/ruff-0.14.13-py3-none-manylinux_2_17_armv7l.manylinux2014_armv7l.whl", hash = "sha256:ac5b7f63dd3b27cc811850f5ffd8fff845b00ad70e60b043aabf8d6ecc304e09", size = 12815174, upload-time = "2026-01-15T20:15:05.74Z" },
    { url = "https://files.pythonhosted.org/packages/88/00/c38e5da58beebcf4fa32d0ddd993b63dfacefd02ab7922614231330845bf/ruff-0.14.13-py3-none-manylinux_2_17_i686.manylinux2014_i686.whl", hash = "sha256:78d2b1097750d90ba82ce4ba676e85230a0ed694178ca5e61aa9b459970b3eb9", size = 13680909, upload-time = "2026-01-15T20:15:14.537Z" },
    { url = "https://files.pythonhosted.org/packages/61/61/cd37c9dd5bd0a3099ba79b2a5899ad417d8f3b04038810b0501a80814fd7/ruff-0.14.13-py3-none-manylinux_2_17_ppc64.manylinux2014_ppc64.whl", hash = "sha256:7d0bf87705acbbcb8d4c24b2d77fbb73d40210a95c3903b443cd9e30824a5032", size = 15144215, upload-time = "2026-01-15T20:15:22.886Z" },
    { url = "https://files.pythonhosted.org/packages/56/8a/85502d7edbf98c2df7b8876f316c0157359165e16cdf98507c65c8d07d3d/ruff-0.14.13-py3-none-manylinux_2_17_ppc64le.manylinux2014_ppc64le.whl", hash = "sha256:a3eb5da8e2c9e9f13431032fdcbe7681de9ceda5835efee3269417c13f1fed5c", size = 14706067, upload-time = "2026-01-15T20:14:48.271Z" },
    { url = "https://files.pythonhosted.org/packages/7e/2f/de0df127feb2ee8c1e54354dc1179b4a23798f0866019528c938ba439aca/ruff-0.14.13-py3-none-manylinux_2_17_s390x.manylinux2014_s390x.whl", hash = "sha256:642442b42957093811cd8d2140dfadd19c7417030a7a68cf8d51fcdd5f217427", size = 14133916, upload-time = "2026-01-15T20:14:57.357Z" },
    { url = "https://files.pythonhosted.org/packages/0d/77/9b99686bb9fe07a757c82f6f95e555c7a47801a9305576a9c67e0a31d280/ruff-0.14.13-py3-none-manylinux_2_17_x86_64.manylinux2014_x86_64.whl", hash = "sha256:4acdf009f32b46f6e8864af19cbf6841eaaed8638e65c8dac845aea0d703c841", size = 13859207, upload-time = "2026-01-15T20:14:55.111Z" },
    { url = "https://files.pythonhosted.org/packages/7d/46/2bdcb34a87a179a4d23022d818c1c236cb40e477faf0d7c9afb6813e5876/ruff-0.14.13-py3-none-manylinux_2_31_riscv64.whl", hash = "sha256:591a7f68860ea4e003917d19b5c4f5ac39ff558f162dc753a2c5de897fd5502c", size = 14043686, upload-time = "2026-01-15T20:14:52.841Z" },
    { url = "https://files.pythonhosted.org/packages/1a/a9/5c6a4f56a0512c691cf143371bcf60505ed0f0860f24a85da8bd123b2bf1/ruff-0.14.13-py3-none-musllinux_1_2_aarch64.whl", hash = "sha256:774c77e841cc6e046fc3e91623ce0903d1cd07e3a36b1a9fe79b81dab3de506b", size = 12663837, upload-time = "2026-01-15T20:15:18.921Z" },
    { url = "https://files.pythonhosted.org/packages/fe/bb/b920016ece7651fa7fcd335d9d199306665486694d4361547ccb19394c44/ruff-0.14.13-py3-none-musllinux_1_2_armv7l.whl", hash = "sha256:61f4e40077a1248436772bb6512db5fc4457fe4c49e7a94ea7c5088655dd21ae", size = 12805867, upload-time = "2026-01-15T20:14:59.272Z" },
    { url = "https://files.pythonhosted.org/packages/7d/b3/0bd909851e5696cd21e32a8fc25727e5f58f1934b3596975503e6e85415c/ruff-0.14.13-py3-none-musllinux_1_2_i686.whl", hash = "sha256:6d02f1428357fae9e98ac7aa94b7e966fd24151088510d32cf6f902d6c09235e", size = 13208528, upload-time = "2026-01-15T20:15:03.732Z" },
    { url = "https://files.pythonhosted.org/packages/3b/3b/e2d94cb613f6bbd5155a75cbe072813756363eba46a3f2177a1fcd0cd670/ruff-0.14.13-py3-none-musllinux_1_2_x86_64.whl", hash = "sha256:e399341472ce15237be0c0ae5fbceca4b04cd9bebab1a2b2c979e015455d8f0c", size = 13929242, upload-time = "2026-01-15T20:15:11.918Z" },
    { url = "https://files.pythonhosted.org/packages/6a/c5/abd840d4132fd51a12f594934af5eba1d5d27298a6f5b5d6c3be45301caf/ruff-0.14.13-py3-none-win32.whl", hash = "sha256:ef720f529aec113968b45dfdb838ac8934e519711da53a0456038a0efecbd680", size = 12919024, upload-time = "2026-01-15T20:14:43.647Z" },
    { url = "https://files.pythonhosted.org/packages/c2/55/6384b0b8ce731b6e2ade2b5449bf07c0e4c31e8a2e68ea65b3bafadcecc5/ruff-0.14.13-py3-none-win_amd64.whl", hash = "sha256:6070bd026e409734b9257e03e3ef18c6e1a216f0435c6751d7a8ec69cb59abef", size = 14097887, upload-time = "2026-01-15T20:15:01.48Z" },
    { url = "https://files.pythonhosted.org/packages/4d/e1/7348090988095e4e39560cfc2f7555b1b2a7357deba19167b600fdf5215d/ruff-0.14.13-py3-none-win_arm64.whl", hash = "sha256:7ab819e14f1ad9fe39f246cfcc435880ef7a9390d81a2b6ac7e01039083dd247", size = 13080224, upload-time = "2026-01-15T20:14:45.853Z" },
]
