version = 1
revision = 3
requires-python = ">=3.11"

[[package]]
name = "clang-format"
version = "22.1.0"
source = { registry = "https://pypi.org/simple" }
sdist = { url = "https://files.pythonhosted.org/packages/e5/84/8ab81082e59115e00a162365b50495bc608b49bbaffed479c44b8abd8dde/clang_format-22.1.0.tar.gz", hash = "sha256:41c535251ebc6f1ff824ca3d92f36ec7f784eb7c355b3cd6fc3963f3d72ebca8", size = 11508, upload-time = "2026-02-24T22:12:09.578Z" }
wheels = [
    { url = "https://files.pythonhosted.org/packages/d7/c2/db042a9f7a9497fba214935551d8fef098368147be39d9c23161bcb24eb0/clang_format-22.1.0-py2.py3-none-macosx_10_9_x86_64.whl", hash = "sha256:b11aaeb35e19948b290335f65b56e7e8d057137ac1094156584de4eec6b92c54", size = 1492625, upload-time = "2026-02-24T22:11:38.605Z" },
    { url = "https://files.pythonhosted.org/packages/35/9a/0a8634a452d6bb5609854c6cc4fc2ad417ba76c7d1dd5ca6bec66a464f8c/clang_format-22.1.0-py2.py3-none-macosx_11_0_arm64.whl", hash = "sha256:2dbbfc5f275121f067c76459de16120fb70b483927d7c93320eb93238b9b6ae4", size = 1478843, upload-time = "2026-02-24T22:11:40.525Z" },
    { url = "https://files.pythonhosted.org/packages/17/6e/722918070bf3d6ce3afdc4972a74bda4c4645f16f8b2d8246ff0818fe9d1/clang_format-22.1.0-py2.py3-none-manylinux_2_26_aarch64.manylinux_2_28_aarch64.whl", hash = "sha256:97d12f9785f7b909ef737da3de95471d1915462908004d041869f41129de467d", size = 1757448, upload-time = "2026-02-24T22:11:42.314Z" },
    { url = "https://files.pythonhosted.org/packages/1f/e0/68257bff84d0fe8d855d8f255b1bc192cd21db702b551bc002100a46a211/clang_format-22.1.0-py2.py3-none-manylinux_2_26_i686.manylinux_2_28_i686.whl", hash = "sha256:4695288f19a2374e22c09eb615d2874b697dd7fc11c0efe4eae12cfe739083c1", size = 1888405, upload-time = "2026-02-24T22:11:44.242Z" },
    { url = "https://files.pythonhosted.org/packages/5e/29/393907895dbaffe6cbf527890e04d51e80c750b359e1d97cc8c2dfa815d6/clang_format-22.1.0-py2.py3-none-manylinux_2_26_ppc64le.manylinux_2_28_ppc64le.whl", hash = "sha256:91ddd90a5745320e16ab06f6dd279bfe3b304dbe603980278a1035bcb2d9667d", size = 2070418, upload-time = "2026-02-24T22:11:46.229Z" },
    { url = "https://files.pythonhosted.org/packages/fe/d4/908b17c926eb3a90109dfc4f5195b438f9d2e4c1da3de0b955eb93c14e43/clang_format-22.1.0-py2.py3-none-manylinux_2_26_s390x.manylinux_2_28_s390x.whl", hash = "sha256:50b85b2ef55474676465ea3460e63437a9dd0aa2b1e3f9e485daef6508dee086", size = 2101315, upload-time = "2026-02-24T22:11:48.287Z" },
    { url = "https://files.pythonhosted.org/packages/ba/f8/550085c7e0b64178bf409234afd2a789195b320e8a16d4ba060cdac4a6d0/clang_format-22.1.0-py2.py3-none-manylinux_2_27_x86_64.manylinux_2_28_x86_64.whl", hash = "sha256:ae07624f13f404b4405a2a20bfaffa33ada5602dc75dea6f9c9ab5ecfe6e07b3", size = 1840809, upload-time = "2026-02-24T22:11:50.176Z" },
    { url = "https://files.pythonhosted.org/packages/9d/be/a3e8ba3365c21135673566bb03b7d78f1fb95a4a2511ddca2c8794239c3b/clang_format-22.1.0-py2.py3-none-manylinux_2_31_armv7l.whl", hash = "sha256:5a7f76065a1e80e0397d64d2def12e3c7d5854a13c1108283e65ad7dc5673653", size = 1684794, upload-time = "2026-02-24T22:11:51.615Z" },
    { url = "https://files.pythonhosted.org/packages/55/4c/b3682ada8332959546adc92f8222b0a9fa560e0fa4d591db25fa7a06bb2e/clang_format-22.1.0-py2.py3-none-musllinux_1_2_aarch64.whl", hash = "sha256:f136fee157901366c092ee9e629aa51b337e3c5c45fa7c15522fbf3aee3c8c53", size = 2735158, upload-time = "2026-02-24T22:11:53.406Z" },
    { url = "https://files.pythonhosted.org/packages/7b/a5/14f60ee2a0f88bc59b381472c271eba12877a65dbb4ad5bc425f9a0cb3df/clang_format-22.1.0-py2.py3-none-musllinux_1_2_armv7l.whl", hash = "sha256:44aa67e948a6f03d62f5b4076041033f9fdbdb7b3a48df3906d7cceb73a4a61e", size = 2514611, upload-time = "2026-02-24T22:11:55.464Z" },
    { url = "https://files.pythonhosted.org/packages/c7/97/2bad239dd072a37f3fc71e1bc4950fafffc3f3fac6e8e7ff1bb83e510c0a/clang_format-22.1.0-py2.py3-none-musllinux_1_2_i686.whl", hash = "sha256:e6f4700aeb76b2057de7905bdef988e52a51270d66dc05daadb5c17680395437", size = 2985306, upload-time = "2026-02-24T22:11:57.409Z" },
    { url = "https://files.pythonhosted.org/packages/1a/d2/d6dcd1e0400fa1b8a7d784f6382291f055c57264daee1502549942f27d50/clang_format-22.1.0-py2.py3-none-musllinux_1_2_ppc64le.whl", hash = "sha256:8ab962542105ee4e3aabee3f8ef21241f2bb922b4353d5defb76df0363e6eb92", size = 3119154, upload-time = "2026-02-24T22:11:59.121Z" },
    { url = "https://files.pythonhosted.org/packages/be/c3/65de01a192d7237c36e5b73e0ff4a5f81e4bd7991669a38955fc50f93bbd/clang_format-22.1.0-py2.py3-none-musllinux_1_2_s390x.whl", hash = "sha256:05950eeb29d7181075b9000b86c2fc787cf706a23671cc9ee6fbc28e3ac6b3e2", size = 3217108, upload-time = "2026-02-24T22:12:00.863Z" },
    { url = "https://files.pythonhosted.org/packages/c1/8d/8d41438ef6fda40058cd9b85cbbd4fabd3bb1e67f5324b2a234bdf70e72e/clang_format-22.1.0-py2.py3-none-musllinux_1_2_x86_64.whl", hash = "sha256:a5d7cc77bf7454b8c9f308e7205adf734c99a0dcb5114de76dedebc53c4a84eb", size = 2848307, upload-time = "2026-02-24T22:12:02.793Z" },
    { url = "https://files.pythonhosted.org/packages/19/e0/74ca2c38f2203a729e8f4ff2f3ffeec84216b294f65ce55f7da416d238cf/clang_format-22.1.0-py2.py3-none-win32.whl", hash = "sha256:beeae9d7fc3490cce6ffac0eb5643d508991678cf5b8217ca9a90a16b83a5a1d", size = 1299281, upload-time = "2026-02-24T22:12:04.446Z" },
    { url = "https://files.pythonhosted.org/packages/60/f2/4391a14b872b7c52b68c09bb34f8e22aa068ea93dbbdd1be55962ac58bd2/clang_format-22.1.0-py2.py3-none-win_amd64.whl", hash = "sha256:962c7b1c9362ac028e664ba8b1c4f0d71eab13ceade80f19f84ed8a66d126db4", size = 1460209, upload-time = "2026-02-24T22:12:06.431Z" },
    { url = "https://files.pythonhosted.org/packages/dd/c3/4573ef27c004b30fabb23a82c79eb09d76ac7d6b94422cc767483fa42c72/clang_format-22.1.0-py2.py3-none-win_arm64.whl", hash = "sha256:be5e43f2263ab6d6f9d76acaab39976b210bbdcf658623386560d5aa8f8deeda", size = 1344909, upload-time = "2026-02-24T22:12:08.321Z" },
]

[[package]]
name = "clang-tidy"
version = "22.1.0"
source = { registry = "https://pypi.org/simple" }
sdist = { url = "https://files.pythonhosted.org/packages/34/72/5b7e8c4eacff221fd00483678680b23ffd5e1928a9a5808876dd9b4eb02d/clang_tidy-22.1.0.tar.gz", hash = "sha256:2ae464d2fd5ed83784e68eecb54ada56128b726f15a0285b95e95bb47f386918", size = 11348, upload-time = "2026-03-06T12:55:57.76Z" }
wheels = [
    { url = "https://files.pythonhosted.org/packages/22/44/0c007982000222f59cc257228818a9ab52990349bb211bf2eacb0a34d06a/clang_tidy-22.1.0-py2.py3-none-macosx_10_9_x86_64.whl", hash = "sha256:6caa36a25ad26af6bcd014698c660484c7b6514ac386ca65e265c710e0203845", size = 30220695, upload-time = "2026-03-06T12:55:18.811Z" },
    { url = "https://files.pythonhosted.org/packages/8b/52/73f5a5cb3004373a2df0a87b2128620c9a22782eee2b9fefd2ded1ee809f/clang_tidy-22.1.0-py2.py3-none-macosx_11_0_arm64.whl", hash = "sha256:89752596b4e868877134b21f266e43b312fe354b5bbc464e6e8147aa1f409317", size = 29312798, upload-time = "2026-03-06T12:55:22.995Z" },
    { url = "https://files.pythonhosted.org/packages/bd/73/2551a1759935c075607f64a242926afd21f3a6e1ed2918b4b86d80ae5a22/clang_tidy-22.1.0-py2.py3-none-manylinux_2_26_aarch64.manylinux_2_28_aarch64.whl", hash = "sha256:70b819831b16b2a87a266526d9894b88139368dbe5f765536572d730f0926b46", size = 40361554, upload-time = "2026-03-06T12:55:26.352Z" },
    { url = "https://files.pythonhosted.org/packages/ad/f7/06fc2d0b3dd3189eb8c589891c79af71be558aa69215d17b791d0aad03de/clang_tidy-22.1.0-py2.py3-none-manylinux_2_27_x86_64.manylinux_2_28_x86_64.whl", hash = "sha256:e1d4f56b15c35f844fce44b2ba51e845126cc00bbfbb1dc15d5a711e2ec5b9af", size = 42210624, upload-time = "2026-03-06T12:55:30.456Z" },
    { url = "https://files.pythonhosted.org/packages/20/5a/c0434905d6b7b1c01b6d519da3cf09dcb8d15ad5004c58e064ae0924aa1a/clang_tidy-22.1.0-py2.py3-none-manylinux_2_28_i686.whl", hash = "sha256:3b4f23130aa4f1efe64417ae98527414c9b3c790bcebe06e77933463e35e3a26", size = 47699430, upload-time = "2026-03-06T12:55:34.439Z" },
    { url = "https://files.pythonhosted.org/packages/83/c4/15c6e452e1924767096b27ba5d64abc5e2a20eabfd57c9eaf47814790c6d/clang_tidy-22.1.0-py2.py3-none-manylinux_2_31_armv7l.whl", hash = "sha256:5422e01207382964c04cb843c44675204074d0703b9f045d300b7fa13373ee78", size = 38806060, upload-time = "2026-03-06T12:55:38.05Z" },
    { url = "https://files.pythonhosted.org/packages/7e/3a/67a6a11ea878054028695f430c6c146af6e9974ed1fb081b55006818f4a9/clang_tidy-22.1.0-py2.py3-none-musllinux_1_2_armv7l.whl", hash = "sha256:43de3f3533dc9372af86435ead7b7060b0e9c1191968873137ed359c61034b0f", size = 39643680, upload-time = "2026-03-06T12:55:41.955Z" },
    { url = "https://files.pythonhosted.org/packages/cb/b6/219e48b2aa4833a01f050b8d316e6a8ba1e2f0fc41133c9dd304f000f538/clang_tidy-22.1.0-py2.py3-none-musllinux_1_2_i686.whl", hash = "sha256:1a1d6a3e6d066b9ef9540f17ff9753deeead6f3189e632029f8cd2591426583f", size = 49881664, upload-time = "2026-03-06T12:55:46.008Z" },
    { url = "https://files.pythonhosted.org/packages/92/b6/350a9ed450bb1a51b2201ebc2909c34020985620c56452afd71d6d8cb341/clang_tidy-22.1.0-py2.py3-none-musllinux_1_2_x86_64.whl", hash = "sha256:8e7fee85f434835a47e40c7edb6bd0e335bae25be0ac3110658d05e891786681", size = 44841561, upload-time = "2026-03-06T12:55:49.473Z" },
    { url = "https://files.pythonhosted.org/packages/08/2c/b5c0b970bfd236aa66bbfe20c690bfaa1efc64b68110f97eb4a3b9479309/clang_tidy-22.1.0-py2.py3-none-win32.whl", hash = "sha256:17f9ec2b6445814b49f9a809992c757c0d908e7dcdf3a81586c3dd939aaa413b", size = 22234624, upload-time = "2026-03-06T12:55:52.604Z" },
    { url = "https://files.pythonhosted.org/packages/ff/46/a65f1348aa935037ec4202d331b31e1c775436204ac6d116d25d5f491752/clang_tidy-22.1.0-py2.py3-none-win_amd64.whl", hash = "sha256:98ba65f6a285fbda1cd03fe0deefe4f7faea0e762856f8aeeff50a1069b5492a", size = 25141296, upload-time = "2026-03-06T12:55:55.619Z" },
]

[[package]]
name = "ddp-esphome"
version = "0.7.6"
source = { virtual = "." }

[package.dev-dependencies]
dev = [
    { name = "clang-format" },
    { name = "clang-tidy" },
    { name = "ruff" },
]

[package.metadata]

[package.metadata.requires-dev]
dev = [
    { name = "clang-format", specifier = ">=19.0.0" },
    { name = "clang-tidy", specifier = ">=19.0.0" },
    { name = "ruff", specifier = ">=0.8.0" },
]

[[package]]
name = "ruff"
version = "0.15.5"
source = { registry = "https://pypi.org/simple" }
sdist = { url = "https://files.pythonhosted.org/packages/77/9b/840e0039e65fcf12758adf684d2289024d6140cde9268cc59887dc55189c/ruff-0.15.5.tar.gz", hash = "sha256:7c3601d3b6d76dce18c5c824fc8d06f4eef33d6df0c21ec7799510cde0f159a2", size = 4574214, upload-time = "2026-03-05T20:06:34.946Z" }
wheels = [
    { url = "https://files.pythonhosted.org/packages/47/20/5369c3ce21588c708bcbe517a8fbe1a8dfdb5dfd5137e14790b1da71612c/ruff-0.15.5-py3-none-linux_armv6l.whl", hash = "sha256:4ae44c42281f42e3b06b988e442d344a5b9b72450ff3c892e30d11b29a96a57c", size = 10478185, upload-time = "2026-03-05T20:06:29.093Z" },
    { url = "https://files.pythonhosted.org/packages/44/ed/e81dd668547da281e5dce710cf0bc60193f8d3d43833e8241d006720e42b/ruff-0.15.5-py3-none-macosx_10_12_x86_64.whl", hash = "sha256:6edd3792d408ebcf61adabc01822da687579a1a023f297618ac27a5b51ef0080", size = 10859201, upload-time = "2026-03-05T20:06:32.632Z" },
    { url = "https://files.pythonhosted.org/packages/c4/8f/533075f00aaf19b07c5cd6aa6e5d89424b06b3b3f4583bfa9c640a079059/ruff-0.15.5-py3-none-macosx_11_0_arm64.whl", hash = "sha256:89f463f7c8205a9f8dea9d658d59eff49db05f88f89cc3047fb1a02d9f344010", size = 10184752, upload-time = "2026-03-05T20:06:40.312Z" },
    { url = "https://files.pythonhosted.org/packages/66/0e/ba49e2c3fa0395b3152bad634c7432f7edfc509c133b8f4529053ff024fb/ruff-0.15.5-py3-none-manylinux_2_17_aarch64.manylinux2014_aarch64.whl", hash = "sha256:ba786a8295c6574c1116704cf0b9e6563de3432ac888d8f83685654fe528fd65", size = 10534857, upload-time = "2026-03-05T20:06:19.581Z" },
    { url = "https://files.pythonhosted.org/packages/59/71/39234440f27a226475a0659561adb0d784b4d247dfe7f43ffc12dd02e288/ruff-0.15.5-py3-none-manylinux_2_17_armv7l.manylinux2014_armv7l.whl", hash = "sha256:fd4b801e57955fe9f02b31d20375ab3a5c4415f2e5105b79fb94cf2642c91440", size = 10309120, upload-time = "2026-03-05T20:06:00.435Z" },
    { url = "https://files.pythonhosted.org/packages/f5/87/4140aa86a93df032156982b726f4952aaec4a883bb98cb6ef73c347da253/ruff-0.15.5-py3-none-manylinux_2_17_i686.manylinux2014_i686.whl", hash = "sha256:391f7c73388f3d8c11b794dbbc2959a5b5afe66642c142a6effa90b45f6f5204", size = 11047428, upload-time = "2026-03-05T20:05:51.867Z" },
    { url = "https://files.pythonhosted.org/packages/5a/f7/4953e7e3287676f78fbe85e3a0ca414c5ca81237b7575bdadc00229ac240/ruff-0.15.5-py3-none-manylinux_2_17_ppc64le.manylinux2014_ppc64le.whl", hash = "sha256:8dc18f30302e379fe1e998548b0f5e9f4dff907f52f73ad6da419ea9c19d66c8", size = 11914251, upload-time = "2026-03-05T20:06:22.887Z" },
    { url = "https://files.pythonhosted.org/packages/77/46/0f7c865c10cf896ccf5a939c3e84e1cfaeed608ff5249584799a74d33835/ruff-0.15.5-py3-none-manylinux_2_17_s390x.manylinux2014_s390x.whl", hash = "sha256:1cc6e7f90087e2d27f98dc34ed1b3ab7c8f0d273cc5431415454e22c0bd2a681", size = 11333801, upload-time = "2026-03-05T20:05:57.168Z" },
    { url = "https://files.pythonhosted.org/packages/d3/01/a10fe54b653061585e655f5286c2662ebddb68831ed3eaebfb0eb08c0a16/ruff-0.15.5-py3-none-manylinux_2_17_x86_64.manylinux2014_x86_64.whl", hash = "sha256:c1cb7169f53c1ddb06e71a9aebd7e98fc0fea936b39afb36d8e86d36ecc2636a", size = 11206821, upload-time = "2026-03-05T20:06:03.441Z" },
    { url = "https://files.pythonhosted.org/packages/7a/0d/2132ceaf20c5e8699aa83da2706ecb5c5dcdf78b453f77edca7fb70f8a93/ruff-0.15.5-py3-none-manylinux_2_31_riscv64.whl", hash = "sha256:9b037924500a31ee17389b5c8c4d88874cc6ea8e42f12e9c61a3d754ff72f1ca", size = 11133326, upload-time = "2026-03-05T20:06:25.655Z" },
    { url = "https://files.pythonhosted.org/packages/72/cb/2e5259a7eb2a0f87c08c0fe5bf5825a1e4b90883a52685524596bfc93072/ruff-0.15.5-py3-none-musllinux_1_2_aarch64.whl", hash = "sha256:65bb414e5b4eadd95a8c1e4804f6772bbe8995889f203a01f77ddf2d790929dd", size = 10510820, upload-time = "2026-03-05T20:06:37.79Z" },
    { url = "https://files.pythonhosted.org/packages/ff/20/b67ce78f9e6c59ffbdb5b4503d0090e749b5f2d31b599b554698a80d861c/ruff-0.15.5-py3-none-musllinux_1_2_armv7l.whl", hash = "sha256:d20aa469ae3b57033519c559e9bc9cd9e782842e39be05b50e852c7c981fa01d", size = 10302395, upload-time = "2026-03-05T20:05:54.504Z" },
    { url = "https://files.pythonhosted.org/packages/5f/e5/719f1acccd31b720d477751558ed74e9c88134adcc377e5e886af89d3072/ruff-0.15.5-py3-none-musllinux_1_2_i686.whl", hash = "sha256:15388dd28c9161cdb8eda68993533acc870aa4e646a0a277aa166de9ad5a8752", size = 10754069, upload-time = "2026-03-05T20:06:06.422Z" },
    { url = "https://files.pythonhosted.org/packages/c3/9c/d1db14469e32d98f3ca27079dbd30b7b44dbb5317d06ab36718dee3baf03/ruff-0.15.5-py3-none-musllinux_1_2_x86_64.whl", hash = "sha256:b30da330cbd03bed0c21420b6b953158f60c74c54c5f4c1dabbdf3a57bf355d2", size = 11304315, upload-time = "2026-03-05T20:06:10.867Z" },
    { url = "https://files.pythonhosted.org/packages/28/3a/950367aee7c69027f4f422059227b290ed780366b6aecee5de5039d50fa8/ruff-0.15.5-py3-none-win32.whl", hash = "sha256:732e5ee1f98ba5b3679029989a06ca39a950cced52143a0ea82a2102cb592b74", size = 10551676, upload-time = "2026-03-05T20:06:13.705Z" },
    { url = "https://files.pythonhosted.org/packages/b8/00/bf077a505b4e649bdd3c47ff8ec967735ce2544c8e4a43aba42ee9bf935d/ruff-0.15.5-py3-none-win_amd64.whl", hash = "sha256:821d41c5fa9e19117616c35eaa3f4b75046ec76c65e7ae20a333e9a8696bc7fe", size = 11678972, upload-time = "2026-03-05T20:06:45.379Z" },
    { url = "https://files.pythonhosted.org/packages/fe/4e/cd76eca6db6115604b7626668e891c9dd03330384082e33662fb0f113614/ruff-0.15.5-py3-none-win_arm64.whl", hash = "sha256:b498d1c60d2fe5c10c45ec3f698901065772730b411f164ae270bb6bfcc4740b", size = 10965572, upload-time = "2026-03-05T20:06:16.984Z" },
]
